
Microsoft Visual Studio Solution File, Format Version 12.00
# Visual Studio Version 18
VisualStudioVersion = 18.5.11801.241 oobstable
MinimumVisualStudioVersion = 10.0.40219.1
Project("{FAE04EC0-301F-11D3-BF4B-00C04F79EFBC}") = "NeoFantasyOnline", "NeoFantasyOnline.csproj", "{0732E07E-F3D2-4044-C560-8C152B12771E}"
EndProject
Global
	GlobalSection(SolutionConfigurationPlatforms) = preSolution
		Debug|Any CPU = Debug|Any CPU
		Release|Any CPU = Release|Any CPU
	EndGlobalSection
	GlobalSection(ProjectConfigurationPlatforms) = postSolution
		{0732E07E-F3D2-4044-C560-8C152B12771E}.Debug|Any CPU.ActiveCfg = Debug|Any CPU
		{0732E07E-F3D2-4044-C560-8C152B12771E}.Debug|Any CPU.Build.0 = Debug|Any CPU
		{0732E07E-F3D2-4044-C560-8C152B12771E}.Release|Any CPU.ActiveCfg = Release|Any CPU
		{0732E07E-F3D2-4044-C560-8C152B12771E}.Release|Any CPU.Build.0 = Release|Any CPU
	EndGlobalSection
	GlobalSection(SolutionProperties) = preSolution
		HideSolutionNode = FALSE
	EndGlobalSection
	GlobalSection(ExtensibilityGlobals) = postSolution
		SolutionGuid = {DCC75C47-E9CD-4EE4-B704-FE95532CBB65}
	EndGlobalSection
EndGlobal
